setuptools==57.5.0
packaging==21.3
pyparsing==2.4.7
click==8.0.4
colorama==0.4.4
configparser==5.2.0
cached-property==1.5.2
bench-it==1.0.1
oyaml==1.0
PyYAML==6.0.3
Jinja2==3.0.3
MarkupSafe==2.0.1
diff-cover==5.1.2
chardet==4.0.0
Pygments==2.11.2
pathspec==0.9.0
pytest==6.2.5
attrs==21.4.0
iniconfig==1.1.1
pluggy==0.13.1
py==1.11.0
toml==0.10.2
appdirs==1.4.4
typing_extensions==4.1.1
